
Microsoft Visual Studio Solution File, Format Version 12.00
# Visual Studio Version 17
VisualStudioVersion = 17.14.36301.6
MinimumVisualStudioVersion = 10.0.40219.1
Project("{8BC9CEB8-8B4A-11D0-8D11-00A0C91BC942}") = "smoke", "smoke.vcxproj", "{7F3E858B-7848-4F2A-AFC8-B382BD6B087E}"
EndProject
Global
	GlobalSection(SolutionConfigurationPlatforms) = preSolution
		Debug|x64 = Debug|x64
		Debug|x86 = Debug|x86
		Release|x64 = Release|x64
		Release|x86 = Release|x86
	EndGlobalSection
	GlobalSection(ProjectConfigurationPlatforms) = postSolution
		{7F3E858B-7848-4F2A-AFC8-B382BD6B087E}.Debug|x64.ActiveCfg = Debug|x64
		{7F3E858B-7848-4F2A-AFC8-B382BD6B087E}.Debug|x64.Build.0 = Debug|x64
		{7F3E858B-7848-4F2A-AFC8-B382BD6B087E}.Debug|x86.ActiveCfg = Debug|Win32
		{7F3E858B-7848-4F2A-AFC8-B382BD6B087E}.Debug|x86.Build.0 = Debug|Win32
		{7F3E858B-7848-4F2A-AFC8-B382BD6B087E}.Release|x64.ActiveCfg = Release|x64
		{7F3E858B-7848-4F2A-AFC8-B382BD6B087E}.Release|x64.Build.0 = Release|x64
		{7F3E858B-7848-4F2A-AFC8-B382BD6B087E}.Release|x86.ActiveCfg = Release|Win32
		{7F3E858B-7848-4F2A-AFC8-B382BD6B087E}.Release|x86.Build.0 = Release|Win32
	EndGlobalSection
	GlobalSection(SolutionProperties) = preSolution
		HideSolutionNode = FALSE
	EndGlobalSection
	GlobalSection(ExtensibilityGlobals) = postSolution
		SolutionGuid = {4A00F1C2-ABF8-4BB9-9509-9D3BAB64EFB0}
	EndGlobalSection
EndGlobal
